
Microsoft Visual Studio Solution File, Format Version 12.00
# Visual Studio Version 17
VisualStudioVersion = 17.0.31919.166
MinimumVisualStudioVersion = 10.0.40219.1
Project("{FAE04EC0-301F-11D3-BF4B-00C04F79EFBC}") = "Ratep", "Ratep\Ratep.csproj", "{53FCA8F2-CF7C-4268-B101-81DF3524BF18}"
EndProject
Project("{FAE04EC0-301F-11D3-BF4B-00C04F79EFBC}") = "RatepTests", "RatepTests\RatepTests.csproj", "{4A7E4FAB-C94D-46E0-BEE5-E66F5E888E31}"
EndProject
Global
	GlobalSection(SolutionConfigurationPlatforms) = preSolution
		Debug|Any CPU = Debug|Any CPU
		Release|Any CPU = Release|Any CPU
	EndGlobalSection
	GlobalSection(ProjectConfigurationPlatforms) = postSolution
		{53FCA8F2-CF7C-4268-B101-81DF3524BF18}.Debug|Any CPU.ActiveCfg = Debug|Any CPU
		{53FCA8F2-CF7C-4268-B101-81DF3524BF18}.Debug|Any CPU.Build.0 = Debug|Any CPU
		{53FCA8F2-CF7C-4268-B101-81DF3524BF18}.Release|Any CPU.ActiveCfg = Release|Any CPU
		{53FCA8F2-CF7C-4268-B101-81DF3524BF18}.Release|Any CPU.Build.0 = Release|Any CPU
		{4A7E4FAB-C94D-46E0-BEE5-E66F5E888E31}.Debug|Any CPU.ActiveCfg = Debug|Any CPU
		{4A7E4FAB-C94D-46E0-BEE5-E66F5E888E31}.Debug|Any CPU.Build.0 = Debug|Any CPU
		{4A7E4FAB-C94D-46E0-BEE5-E66F5E888E31}.Release|Any CPU.ActiveCfg = Release|Any CPU
		{4A7E4FAB-C94D-46E0-BEE5-E66F5E888E31}.Release|Any CPU.Build.0 = Release|Any CPU
	EndGlobalSection
	GlobalSection(SolutionProperties) = preSolution
		HideSolutionNode = FALSE
	EndGlobalSection
	GlobalSection(ExtensibilityGlobals) = postSolution
		SolutionGuid = {F396EC44-1B59-4995-887D-45510E09656A}
	EndGlobalSection
EndGlobal
